
Microsoft Visual Studio Solution File, Format Version 12.00
# Visual Studio Version 16
VisualStudioVersion = 16.0.30621.155
MinimumVisualStudioVersion = 10.0.40219.1
Project("{9A19103F-16F7-4668-BE54-9A1E7A4F7556}") = "Practice_7", "task7\Practice_7.csproj", "{60774B52-7789-4846-963F-0C90D38ABFCA}"
EndProject
Global
	GlobalSection(SolutionConfigurationPlatforms) = preSolution
		Debug|Any CPU = Debug|Any CPU
		Release|Any CPU = Release|Any CPU
	EndGlobalSection
	GlobalSection(ProjectConfigurationPlatforms) = postSolution
		{60774B52-7789-4846-963F-0C90D38ABFCA}.Debug|Any CPU.ActiveCfg = Debug|Any CPU
		{60774B52-7789-4846-963F-0C90D38ABFCA}.Debug|Any CPU.Build.0 = Debug|Any CPU
		{60774B52-7789-4846-963F-0C90D38ABFCA}.Release|Any CPU.ActiveCfg = Release|Any CPU
		{60774B52-7789-4846-963F-0C90D38ABFCA}.Release|Any CPU.Build.0 = Release|Any CPU
	EndGlobalSection
	GlobalSection(SolutionProperties) = preSolution
		HideSolutionNode = FALSE
	EndGlobalSection
	GlobalSection(ExtensibilityGlobals) = postSolution
		SolutionGuid = {98C7063C-C1DF-47B6-A3D0-A512727CAC8A}
	EndGlobalSection
EndGlobal
